{
  "version": 4,
  "terraform_version": "0.15.2",
  "serial": 5,
  "lineage": "f7ad2ab3-12e5-4f97-53d0-1fbb7a8ed1ca",
  "outputs": {
    "kubernetes_cluster_host": {
      "value": "34.73.66.223",
      "type": "string"
    },
    "kubernetes_cluster_name": {
      "value": "simplequeue-313020-gke",
      "type": "string"
    },
    "project_id": {
      "value": "simplequeue-313020",
      "type": "string"
    },
    "region": {
      "value": "us-east1",
      "type": "string"
    }
  },
  "resources": [
    {
      "mode": "managed",
      "type": "google_compute_network",
      "name": "vpc",
      "provider": "provider[\"registry.terraform.io/hashicorp/google\"]",
      "instances": [
        {
          "schema_version": 0,
          "attributes": {
            "auto_create_subnetworks": false,
            "delete_default_routes_on_create": false,
            "description": "",
            "gateway_ipv4": "",
            "id": "projects/simplequeue-313020/global/networks/simplequeue-313020-vpc",
            "mtu": 0,
            "name": "simplequeue-313020-vpc",
            "project": "simplequeue-313020",
            "routing_mode": "REGIONAL",
            "self_link": "https://www.googleapis.com/compute/v1/projects/simplequeue-313020/global/networks/simplequeue-313020-vpc",
            "timeouts": null
          },
          "sensitive_attributes": [],
          "private": "eyJlMmJmYjczMC1lY2FhLTExZTYtOGY4OC0zNDM2M2JjN2M0YzAiOnsiY3JlYXRlIjoyNDAwMDAwMDAwMDAsImRlbGV0ZSI6MjQwMDAwMDAwMDAwLCJ1cGRhdGUiOjI0MDAwMDAwMDAwMH19"
        }
      ]
    },
    {
      "mode": "managed",
      "type": "google_compute_subnetwork",
      "name": "subnet",
      "provider": "provider[\"registry.terraform.io/hashicorp/google\"]",
      "instances": [
        {
          "schema_version": 0,
          "attributes": {
            "creation_timestamp": "2021-05-13T10:04:12.518-07:00",
            "description": "",
            "fingerprint": null,
            "gateway_address": "10.10.0.1",
            "id": "projects/simplequeue-313020/regions/us-east1/subnetworks/simplequeue-313020-subnet",
            "ip_cidr_range": "10.10.0.0/24",
            "log_config": [],
            "name": "simplequeue-313020-subnet",
            "network": "https://www.googleapis.com/compute/v1/projects/simplequeue-313020/global/networks/simplequeue-313020-vpc",
            "private_ip_google_access": false,
            "private_ipv6_google_access": "DISABLE_GOOGLE_ACCESS",
            "project": "simplequeue-313020",
            "region": "us-east1",
            "secondary_ip_range": [],
            "self_link": "https://www.googleapis.com/compute/v1/projects/simplequeue-313020/regions/us-east1/subnetworks/simplequeue-313020-subnet",
            "timeouts": null
          },
          "sensitive_attributes": [],
          "private": "eyJlMmJmYjczMC1lY2FhLTExZTYtOGY4OC0zNDM2M2JjN2M0YzAiOnsiY3JlYXRlIjozNjAwMDAwMDAwMDAsImRlbGV0ZSI6MzYwMDAwMDAwMDAwLCJ1cGRhdGUiOjM2MDAwMDAwMDAwMH19",
          "dependencies": [
            "google_compute_network.vpc"
          ]
        }
      ]
    },
    {
      "mode": "managed",
      "type": "google_container_cluster",
      "name": "primary",
      "provider": "provider[\"registry.terraform.io/hashicorp/google\"]",
      "instances": [
        {
          "schema_version": 1,
          "attributes": {
            "addons_config": [
              {
                "cloudrun_config": [],
                "horizontal_pod_autoscaling": [],
                "http_load_balancing": [],
                "network_policy_config": [
                  {
                    "disabled": true
                  }
                ]
              }
            ],
            "authenticator_groups_config": [],
            "cluster_autoscaling": [
              {
                "auto_provisioning_defaults": [],
                "enabled": false,
                "resource_limits": []
              }
            ],
            "cluster_ipv4_cidr": "10.96.0.0/14",
            "database_encryption": [
              {
                "key_name": "",
                "state": "DECRYPTED"
              }
            ],
            "default_max_pods_per_node": null,
            "description": "",
            "enable_binary_authorization": false,
            "enable_intranode_visibility": null,
            "enable_kubernetes_alpha": false,
            "enable_legacy_abac": false,
            "enable_shielded_nodes": false,
            "enable_tpu": null,
            "endpoint": "34.73.66.223",
            "id": "projects/simplequeue-313020/locations/us-east1/clusters/simplequeue-313020-gke",
            "initial_node_count": 1,
            "instance_group_urls": [],
            "ip_allocation_policy": [],
            "label_fingerprint": "a9dc16a7",
            "location": "us-east1",
            "logging_service": "logging.googleapis.com/kubernetes",
            "maintenance_policy": [],
            "master_auth": [
              {
                "client_certificate": "",
                "client_certificate_config": [
                  {
                    "issue_client_certificate": false
                  }
                ],
                "client_key": "",
                "cluster_ca_certificate": "LS0tLS1CRUdJTiBDRVJUSUZJQ0FURS0tLS0tCk1JSURLekNDQWhPZ0F3SUJBZ0lSQVB3T2tuRUpic0QrM0pUOWVGRWNIT2d3RFFZSktvWklodmNOQVFFTEJRQXcKTHpFdE1Dc0dBMVVFQXhNa01qQTBOelZqTm1JdFpHWmxOeTAwTURsakxXSTRNV1F0T1dKaU9UYzRNR000WVRoagpNQjRYRFRJeE1EVXhNekUyTURRek5Wb1hEVEkyTURVeE1qRTNNRFF6TlZvd0x6RXRNQ3NHQTFVRUF4TWtNakEwCk56VmpObUl0WkdabE55MDBNRGxqTFdJNE1XUXRPV0ppT1RjNE1HTTRZVGhqTUlJQklqQU5CZ2txaGtpRzl3MEIKQVFFRkFBT0NBUThBTUlJQkNnS0NBUUVBM3pjYUo5OXZBZk5qNnJhK0NBVjhIbnJ2WVNUU2hGZWZVaUN6QVlrTQpjN1ZiTG90czl3UVd6anpQRnBCZVE1UWV4SU93Q0Vlc0RhVDZWSHFNajJsV0hWZ0RIdnBNUHJWR2Z0amcxazFECmJTcDNDbkJVcExpNWU1bm5WaEdkUndJQTh0eVBxWkRNVDJoTzRyZXVZeW0yYjJFOFBIZ2d3RlJ5TEZjbkxNNkwKMHlGOVo4eEZUN2d3elJhNWJmS0lBVnNWc1hiU3VTaEtaS2lCZmQ2YW9iVHY0NjlPSDQzbFJFQXQrcmFBRW5JQgo2eGhXVUVSOXVsL2lVU3o4UzNibmJBTEFVRVhnM1dPRWxuNzN6SitHcWVVQlY5enFFRkNZMVRQL3REejV0WVF5CkNxb2V3eG04NytSSkdUVExuaTBXYUsrQklyKzZXVlp0dlRUR1VZck40QzNnVXdJREFRQUJvMEl3UURBT0JnTlYKSFE4QkFmOEVCQU1DQWdRd0R3WURWUjBUQVFIL0JBVXdBd0VCL3pBZEJnTlZIUTRFRmdRVXpSb05NWWtpUlNNbwoxV0pVc2owajRIdGhvTVF3RFFZSktvWklodmNOQVFFTEJRQURnZ0VCQUxhZTRiMUV5RW9uSHVQODdDRWc1Y3hkCmhkTG1iUDZTNDkxaFdqaXJqZUVTOStPb0VjNTFEWDBNWDZXVDh6ZUZVQ3hqd0hhdWQ3OWJFRzZJb1JNQStjVnMKeXJDZ2lKZHhNRjdydFgrbitjNHBJcCt0aE5zYU1oRlFKUTI0QTFSakF2NngvaTlNR1VzbEdBeXhZb0dydGh6dQpQWWh2VlZYOFZGUElMTElXT25jSWw5UjVOL2J6SXp5eXBndmJpbTZydVBJWUZVM3QzNjFGdmVTcXVGa3NHOHVlCjFMVDA2enhhVVFNa1hHeGZwem9mdFljdllRamw0bUpQZDB1UVFzUDhLUFE4TkVYUWFLQ2hSdWs4S1N3T1hTYzYKMWZ5NVUwd2grcWtkTlQvQWU4SE02SkFNRVhENFIzWWtSRjNJK21Pend5T0tSNnhYbVpSb0pUcjZmc3JUOWZnPQotLS0tLUVORCBDRVJUSUZJQ0FURS0tLS0tCg==",
                "password": "",
                "username": ""
              }
            ],
            "master_authorized_networks_config": [],
            "master_version": "1.18.17-gke.100",
            "min_master_version": null,
            "monitoring_service": "monitoring.googleapis.com/kubernetes",
            "name": "simplequeue-313020-gke",
            "network": "projects/simplequeue-313020/global/networks/simplequeue-313020-vpc",
            "network_policy": [
              {
                "enabled": false,
                "provider": "PROVIDER_UNSPECIFIED"
              }
            ],
            "node_config": [],
            "node_locations": [
              "us-east1-b",
              "us-east1-c",
              "us-east1-d"
            ],
            "node_pool": [],
            "node_version": "1.18.17-gke.100",
            "operation": null,
            "pod_security_policy_config": [],
            "private_cluster_config": [],
            "project": "simplequeue-313020",
            "release_channel": [
              {
                "channel": "REGULAR"
              }
            ],
            "remove_default_node_pool": true,
            "resource_labels": null,
            "resource_usage_export_config": [],
            "self_link": "https://container.googleapis.com/v1beta1/projects/simplequeue-313020/locations/us-east1/clusters/simplequeue-313020-gke",
            "services_ipv4_cidr": "10.99.240.0/20",
            "subnetwork": "projects/simplequeue-313020/regions/us-east1/subnetworks/simplequeue-313020-subnet",
            "timeouts": null,
            "vertical_pod_autoscaling": [],
            "workload_identity_config": []
          },
          "sensitive_attributes": [],
          "private": "eyJlMmJmYjczMC1lY2FhLTExZTYtOGY4OC0zNDM2M2JjN2M0YzAiOnsiY3JlYXRlIjoyNDAwMDAwMDAwMDAwLCJkZWxldGUiOjI0MDAwMDAwMDAwMDAsInJlYWQiOjI0MDAwMDAwMDAwMDAsInVwZGF0ZSI6MzYwMDAwMDAwMDAwMH0sInNjaGVtYV92ZXJzaW9uIjoiMSJ9",
          "dependencies": [
            "google_compute_network.vpc",
            "google_compute_subnetwork.subnet"
          ]
        }
      ]
    },
    {
      "mode": "managed",
      "type": "google_container_node_pool",
      "name": "primary_nodes",
      "provider": "provider[\"registry.terraform.io/hashicorp/google\"]",
      "instances": [
        {
          "schema_version": 1,
          "attributes": {
            "autoscaling": [],
            "cluster": "simplequeue-313020-gke",
            "id": "projects/simplequeue-313020/locations/us-east1/clusters/simplequeue-313020-gke/nodePools/simplequeue-313020-gke-node-pool",
            "initial_node_count": 1,
            "instance_group_urls": [
              "https://www.googleapis.com/compute/v1/projects/simplequeue-313020/zones/us-east1-c/instanceGroupManagers/gke-simplequeue-3130-simplequeue-3130-9e80eef1-grp",
              "https://www.googleapis.com/compute/v1/projects/simplequeue-313020/zones/us-east1-b/instanceGroupManagers/gke-simplequeue-3130-simplequeue-3130-99719b93-grp",
              "https://www.googleapis.com/compute/v1/projects/simplequeue-313020/zones/us-east1-d/instanceGroupManagers/gke-simplequeue-3130-simplequeue-3130-6de0fc01-grp"
            ],
            "location": "us-east1",
            "management": [
              {
                "auto_repair": true,
                "auto_upgrade": true
              }
            ],
            "max_pods_per_node": null,
            "name": "simplequeue-313020-gke-node-pool",
            "name_prefix": "",
            "node_config": [
              {
                "disk_size_gb": 100,
                "disk_type": "pd-standard",
                "guest_accelerator": [],
                "image_type": "COS",
                "labels": {
                  "env": "simplequeue-313020"
                },
                "local_ssd_count": 0,
                "machine_type": "n1-standard-1",
                "metadata": {
                  "disable-legacy-endpoints": "true"
                },
                "min_cpu_platform": "",
                "oauth_scopes": [
                  "https://www.googleapis.com/auth/logging.write",
                  "https://www.googleapis.com/auth/monitoring"
                ],
                "preemptible": false,
                "service_account": "default",
                "shielded_instance_config": [
                  {
                    "enable_integrity_monitoring": true,
                    "enable_secure_boot": false
                  }
                ],
                "tags": [
                  "gke-node",
                  "simplequeue-313020-gke"
                ],
                "taint": [],
                "workload_metadata_config": []
              }
            ],
            "node_count": 1,
            "node_locations": [
              "us-east1-b",
              "us-east1-c",
              "us-east1-d"
            ],
            "project": "simplequeue-313020",
            "timeouts": null,
            "upgrade_settings": [
              {
                "max_surge": 1,
                "max_unavailable": 0
              }
            ],
            "version": "1.18.17-gke.100"
          },
          "sensitive_attributes": [],
          "private": "eyJlMmJmYjczMC1lY2FhLTExZTYtOGY4OC0zNDM2M2JjN2M0YzAiOnsiY3JlYXRlIjoxODAwMDAwMDAwMDAwLCJkZWxldGUiOjE4MDAwMDAwMDAwMDAsInVwZGF0ZSI6MTgwMDAwMDAwMDAwMH0sInNjaGVtYV92ZXJzaW9uIjoiMSJ9",
          "dependencies": [
            "google_compute_network.vpc",
            "google_compute_subnetwork.subnet",
            "google_container_cluster.primary"
          ]
        }
      ]
    }
  ]
}
